
Microsoft Visual Studio Solution File, Format Version 12.00
# Visual Studio Version 17
VisualStudioVersion = 17.10.35013.160
MinimumVisualStudioVersion = 10.0.40219.1
Project("{FAE04EC0-301F-11D3-BF4B-00C04F79EFBC}") = "cs-cookie-cookbook", "cs-cookie-cookbook\cs-cookie-cookbook.csproj", "{79521186-5755-4E76-8446-6081F1E04C60}"
EndProject
Global
	GlobalSection(SolutionConfigurationPlatforms) = preSolution
		Debug|Any CPU = Debug|Any CPU
		Release|Any CPU = Release|Any CPU
	EndGlobalSection
	GlobalSection(ProjectConfigurationPlatforms) = postSolution
		{79521186-5755-4E76-8446-6081F1E04C60}.Debug|Any CPU.ActiveCfg = Debug|Any CPU
		{79521186-5755-4E76-8446-6081F1E04C60}.Debug|Any CPU.Build.0 = Debug|Any CPU
		{79521186-5755-4E76-8446-6081F1E04C60}.Release|Any CPU.ActiveCfg = Release|Any CPU
		{79521186-5755-4E76-8446-6081F1E04C60}.Release|Any CPU.Build.0 = Release|Any CPU
	EndGlobalSection
	GlobalSection(SolutionProperties) = preSolution
		HideSolutionNode = FALSE
	EndGlobalSection
	GlobalSection(ExtensibilityGlobals) = postSolution
		SolutionGuid = {3E6B6BA2-3D92-4CFC-8B47-5186A44FC708}
	EndGlobalSection
EndGlobal
